
Microsoft Visual Studio Solution File, Format Version 12.00
# Visual Studio Version 17
VisualStudioVersion = 17.8.34330.188
MinimumVisualStudioVersion = 10.0.40219.1
Project("{9A19103F-16F7-4668-BE54-9A1E7A4F7556}") = "MauiTheme", "MauiTheme\MauiTheme.csproj", "{19780437-9EC0-4ACB-83C8-8FB735E012FE}"
EndProject
Project("{9A19103F-16F7-4668-BE54-9A1E7A4F7556}") = "MauiTheme.Sample", "..\..\sample\MauiTheme.Sample\MauiTheme.Sample.csproj", "{8F9481F8-B2FB-4C01-BB12-E9999CE47CFA}"
EndProject
Global
	GlobalSection(SolutionConfigurationPlatforms) = preSolution
		Debug|Any CPU = Debug|Any CPU
		Release|Any CPU = Release|Any CPU
	EndGlobalSection
	GlobalSection(ProjectConfigurationPlatforms) = postSolution
		{19780437-9EC0-4ACB-83C8-8FB735E012FE}.Debug|Any CPU.ActiveCfg = Debug|Any CPU
		{19780437-9EC0-4ACB-83C8-8FB735E012FE}.Debug|Any CPU.Build.0 = Debug|Any CPU
		{19780437-9EC0-4ACB-83C8-8FB735E012FE}.Release|Any CPU.ActiveCfg = Release|Any CPU
		{19780437-9EC0-4ACB-83C8-8FB735E012FE}.Release|Any CPU.Build.0 = Release|Any CPU
		{8F9481F8-B2FB-4C01-BB12-E9999CE47CFA}.Debug|Any CPU.ActiveCfg = Debug|Any CPU
		{8F9481F8-B2FB-4C01-BB12-E9999CE47CFA}.Debug|Any CPU.Build.0 = Debug|Any CPU
		{8F9481F8-B2FB-4C01-BB12-E9999CE47CFA}.Debug|Any CPU.Deploy.0 = Debug|Any CPU
		{8F9481F8-B2FB-4C01-BB12-E9999CE47CFA}.Release|Any CPU.ActiveCfg = Release|Any CPU
		{8F9481F8-B2FB-4C01-BB12-E9999CE47CFA}.Release|Any CPU.Build.0 = Release|Any CPU
		{8F9481F8-B2FB-4C01-BB12-E9999CE47CFA}.Release|Any CPU.Deploy.0 = Release|Any CPU
	EndGlobalSection
	GlobalSection(SolutionProperties) = preSolution
		HideSolutionNode = FALSE
	EndGlobalSection
	GlobalSection(ExtensibilityGlobals) = postSolution
		SolutionGuid = {681AA1AC-A4F4-49A9-85C8-B5E0AA4A23F3}
	EndGlobalSection
EndGlobal
