
Microsoft Visual Studio Solution File, Format Version 12.00
# Visual Studio Version 17
VisualStudioVersion = 17.8.34330.188
MinimumVisualStudioVersion = 10.0.40219.1
Project("{9A19103F-16F7-4668-BE54-9A1E7A4F7556}") = "MauiTheme", "MauiTheme\MauiTheme.csproj", "{19780437-9EC0-4ACB-83C8-8FB735E012FE}"
EndProject
Project("{9A19103F-16F7-4668-BE54-9A1E7A4F7556}") = "MauiTheme.Sample", "..\sample\MauiTheme.Sample\MauiTheme.Sample.csproj", "{8F9481F8-B2FB-4C01-BB12-E9999CE47CFA}"
EndProject
Project("{9A19103F-16F7-4668-BE54-9A1E7A4F7556}") = "MauiTheme.BlazorHybrid", "MauiTheme.BlazorHybrid\MauiTheme.BlazorHybrid.csproj", "{9EC581D8-5D62-47A2-85C4-914585E28638}"
EndProject
Project("{9A19103F-16F7-4668-BE54-9A1E7A4F7556}") = "MauiTheme.Sample.BlazorHybrid", "..\sample\MauiTheme.Sample.BlazorHybrid\MauiTheme.Sample.BlazorHybrid.csproj", "{7BFCD51E-2D75-45A0-B24F-7A063B7B7418}"
EndProject
Project("{9A19103F-16F7-4668-BE54-9A1E7A4F7556}") = "MauiTheme.Sample.Shared", "..\sample\MauiTheme.Sample.Shared\MauiTheme.Sample.Shared.csproj", "{43B7795F-B295-491D-B23E-5AD691CEBAEF}"
EndProject
Project("{2150E333-8FDC-42A3-9474-1A3956D46DE8}") = "Samples", "Samples", "{F0340830-D8BD-4DAE-9C8A-DBB9068F7C39}"
EndProject
Project("{2150E333-8FDC-42A3-9474-1A3956D46DE8}") = "Source", "Source", "{07143E41-4EB9-465F-BDB7-FAF569F4F39B}"
EndProject
Project("{9A19103F-16F7-4668-BE54-9A1E7A4F7556}") = "MauiTheme.Core", "MauiTheme.Core\MauiTheme.Core.csproj", "{7CFDAFE1-983A-45A0-B477-3B58C505245E}"
EndProject
Global
	GlobalSection(SolutionConfigurationPlatforms) = preSolution
		Debug|Any CPU = Debug|Any CPU
		Release|Any CPU = Release|Any CPU
	EndGlobalSection
	GlobalSection(ProjectConfigurationPlatforms) = postSolution
		{19780437-9EC0-4ACB-83C8-8FB735E012FE}.Debug|Any CPU.ActiveCfg = Debug|Any CPU
		{19780437-9EC0-4ACB-83C8-8FB735E012FE}.Debug|Any CPU.Build.0 = Debug|Any CPU
		{19780437-9EC0-4ACB-83C8-8FB735E012FE}.Release|Any CPU.ActiveCfg = Release|Any CPU
		{19780437-9EC0-4ACB-83C8-8FB735E012FE}.Release|Any CPU.Build.0 = Release|Any CPU
		{8F9481F8-B2FB-4C01-BB12-E9999CE47CFA}.Debug|Any CPU.ActiveCfg = Debug|Any CPU
		{8F9481F8-B2FB-4C01-BB12-E9999CE47CFA}.Debug|Any CPU.Build.0 = Debug|Any CPU
		{8F9481F8-B2FB-4C01-BB12-E9999CE47CFA}.Debug|Any CPU.Deploy.0 = Debug|Any CPU
		{8F9481F8-B2FB-4C01-BB12-E9999CE47CFA}.Release|Any CPU.ActiveCfg = Release|Any CPU
		{8F9481F8-B2FB-4C01-BB12-E9999CE47CFA}.Release|Any CPU.Build.0 = Release|Any CPU
		{8F9481F8-B2FB-4C01-BB12-E9999CE47CFA}.Release|Any CPU.Deploy.0 = Release|Any CPU
		{9EC581D8-5D62-47A2-85C4-914585E28638}.Debug|Any CPU.ActiveCfg = Debug|Any CPU
		{9EC581D8-5D62-47A2-85C4-914585E28638}.Debug|Any CPU.Build.0 = Debug|Any CPU
		{9EC581D8-5D62-47A2-85C4-914585E28638}.Release|Any CPU.ActiveCfg = Release|Any CPU
		{9EC581D8-5D62-47A2-85C4-914585E28638}.Release|Any CPU.Build.0 = Release|Any CPU
		{7BFCD51E-2D75-45A0-B24F-7A063B7B7418}.Debug|Any CPU.ActiveCfg = Debug|Any CPU
		{7BFCD51E-2D75-45A0-B24F-7A063B7B7418}.Debug|Any CPU.Build.0 = Debug|Any CPU
		{7BFCD51E-2D75-45A0-B24F-7A063B7B7418}.Debug|Any CPU.Deploy.0 = Debug|Any CPU
		{7BFCD51E-2D75-45A0-B24F-7A063B7B7418}.Release|Any CPU.ActiveCfg = Release|Any CPU
		{7BFCD51E-2D75-45A0-B24F-7A063B7B7418}.Release|Any CPU.Build.0 = Release|Any CPU
		{7BFCD51E-2D75-45A0-B24F-7A063B7B7418}.Release|Any CPU.Deploy.0 = Release|Any CPU
		{43B7795F-B295-491D-B23E-5AD691CEBAEF}.Debug|Any CPU.ActiveCfg = Debug|Any CPU
		{43B7795F-B295-491D-B23E-5AD691CEBAEF}.Debug|Any CPU.Build.0 = Debug|Any CPU
		{43B7795F-B295-491D-B23E-5AD691CEBAEF}.Release|Any CPU.ActiveCfg = Release|Any CPU
		{43B7795F-B295-491D-B23E-5AD691CEBAEF}.Release|Any CPU.Build.0 = Release|Any CPU
		{7CFDAFE1-983A-45A0-B477-3B58C505245E}.Debug|Any CPU.ActiveCfg = Debug|Any CPU
		{7CFDAFE1-983A-45A0-B477-3B58C505245E}.Debug|Any CPU.Build.0 = Debug|Any CPU
		{7CFDAFE1-983A-45A0-B477-3B58C505245E}.Release|Any CPU.ActiveCfg = Release|Any CPU
		{7CFDAFE1-983A-45A0-B477-3B58C505245E}.Release|Any CPU.Build.0 = Release|Any CPU
	EndGlobalSection
	GlobalSection(SolutionProperties) = preSolution
		HideSolutionNode = FALSE
	EndGlobalSection
	GlobalSection(NestedProjects) = preSolution
		{19780437-9EC0-4ACB-83C8-8FB735E012FE} = {07143E41-4EB9-465F-BDB7-FAF569F4F39B}
		{8F9481F8-B2FB-4C01-BB12-E9999CE47CFA} = {F0340830-D8BD-4DAE-9C8A-DBB9068F7C39}
		{9EC581D8-5D62-47A2-85C4-914585E28638} = {07143E41-4EB9-465F-BDB7-FAF569F4F39B}
		{7BFCD51E-2D75-45A0-B24F-7A063B7B7418} = {F0340830-D8BD-4DAE-9C8A-DBB9068F7C39}
		{43B7795F-B295-491D-B23E-5AD691CEBAEF} = {F0340830-D8BD-4DAE-9C8A-DBB9068F7C39}
		{7CFDAFE1-983A-45A0-B477-3B58C505245E} = {07143E41-4EB9-465F-BDB7-FAF569F4F39B}
	EndGlobalSection
	GlobalSection(ExtensibilityGlobals) = postSolution
		SolutionGuid = {681AA1AC-A4F4-49A9-85C8-B5E0AA4A23F3}
	EndGlobalSection
EndGlobal
